
Microsoft Visual Studio Solution File, Format Version 12.00
# Visual Studio Version 17
VisualStudioVersion = 17.1.32228.430
MinimumVisualStudioVersion = 10.0.40219.1
Project("{FAE04EC0-301F-11D3-BF4B-00C04F79EFBC}") = "STATIC", "STATIC\STATIC.csproj", "{C0659492-33C1-483D-9552-107381FAB170}"
EndProject
Global
	GlobalSection(SolutionConfigurationPlatforms) = preSolution
		Debug|Any CPU = Debug|Any CPU
		Release|Any CPU = Release|Any CPU
	EndGlobalSection
	GlobalSection(ProjectConfigurationPlatforms) = postSolution
		{C0659492-33C1-483D-9552-107381FAB170}.Debug|Any CPU.ActiveCfg = Debug|Any CPU
		{C0659492-33C1-483D-9552-107381FAB170}.Debug|Any CPU.Build.0 = Debug|Any CPU
		{C0659492-33C1-483D-9552-107381FAB170}.Release|Any CPU.ActiveCfg = Release|Any CPU
		{C0659492-33C1-483D-9552-107381FAB170}.Release|Any CPU.Build.0 = Release|Any CPU
	EndGlobalSection
	GlobalSection(SolutionProperties) = preSolution
		HideSolutionNode = FALSE
	EndGlobalSection
	GlobalSection(ExtensibilityGlobals) = postSolution
		SolutionGuid = {A6DF3428-FCBE-4CFE-A030-E65324DEC982}
	EndGlobalSection
EndGlobal
